# This file is automatically @generated by Cargo.
# It is not intended for manual editing.
version = 3

[[package]]
name = "app_lib"
version = "0.1.0"
dependencies = [
 "hex-display",
]

[[package]]
name = "hex-display"
version = "0.3.0"
source = "registry+https://github.com/rust-lang/crates.io-index"
checksum = "8b53d6a634507c5d9fdee77261ae54a8d1ff7887f5304389025b03c3292a1756"
